
Microsoft Visual Studio Solution File, Format Version 12.00
# Visual Studio 15
VisualStudioVersion = 15.0.26124.0
MinimumVisualStudioVersion = 15.0.26124.0
Project("{FAE04EC0-301F-11D3-BF4B-00C04F79EFBC}") = "SolarCoffee.Data", "SolarCoffee.Data\SolarCoffee.Data.csproj", "{001A180A-9A3D-4312-83A6-2A2197172E89}"
EndProject
Project("{FAE04EC0-301F-11D3-BF4B-00C04F79EFBC}") = "SolarCoffee.Services", "SolarCoffee.Services\SolarCoffee.Services.csproj", "{27778ACB-38B3-4951-8AE0-E56308B390B8}"
EndProject
Project("{FAE04EC0-301F-11D3-BF4B-00C04F79EFBC}") = "SolarCoffee.Web", "SolarCoffee.Web\SolarCoffee.Web.csproj", "{F870A323-5074-4BF9-B6D7-08EE38E2CE62}"
EndProject
Project("{FAE04EC0-301F-11D3-BF4B-00C04F79EFBC}") = "SolarCoffee.Test", "SolarCoffee.Test\SolarCoffee.Test.csproj", "{2182B34B-75C6-4723-93C3-7A1DC69E384A}"
EndProject
Global
	GlobalSection(SolutionConfigurationPlatforms) = preSolution
		Debug|Any CPU = Debug|Any CPU
		Debug|x64 = Debug|x64
		Debug|x86 = Debug|x86
		Release|Any CPU = Release|Any CPU
		Release|x64 = Release|x64
		Release|x86 = Release|x86
	EndGlobalSection
	GlobalSection(SolutionProperties) = preSolution
		HideSolutionNode = FALSE
	EndGlobalSection
	GlobalSection(ProjectConfigurationPlatforms) = postSolution
		{001A180A-9A3D-4312-83A6-2A2197172E89}.Debug|Any CPU.ActiveCfg = Debug|Any CPU
		{001A180A-9A3D-4312-83A6-2A2197172E89}.Debug|Any CPU.Build.0 = Debug|Any CPU
		{001A180A-9A3D-4312-83A6-2A2197172E89}.Debug|x64.ActiveCfg = Debug|Any CPU
		{001A180A-9A3D-4312-83A6-2A2197172E89}.Debug|x64.Build.0 = Debug|Any CPU
		{001A180A-9A3D-4312-83A6-2A2197172E89}.Debug|x86.ActiveCfg = Debug|Any CPU
		{001A180A-9A3D-4312-83A6-2A2197172E89}.Debug|x86.Build.0 = Debug|Any CPU
		{001A180A-9A3D-4312-83A6-2A2197172E89}.Release|Any CPU.ActiveCfg = Release|Any CPU
		{001A180A-9A3D-4312-83A6-2A2197172E89}.Release|Any CPU.Build.0 = Release|Any CPU
		{001A180A-9A3D-4312-83A6-2A2197172E89}.Release|x64.ActiveCfg = Release|Any CPU
		{001A180A-9A3D-4312-83A6-2A2197172E89}.Release|x64.Build.0 = Release|Any CPU
		{001A180A-9A3D-4312-83A6-2A2197172E89}.Release|x86.ActiveCfg = Release|Any CPU
		{001A180A-9A3D-4312-83A6-2A2197172E89}.Release|x86.Build.0 = Release|Any CPU
		{27778ACB-38B3-4951-8AE0-E56308B390B8}.Debug|Any CPU.ActiveCfg = Debug|Any CPU
		{27778ACB-38B3-4951-8AE0-E56308B390B8}.Debug|Any CPU.Build.0 = Debug|Any CPU
		{27778ACB-38B3-4951-8AE0-E56308B390B8}.Debug|x64.ActiveCfg = Debug|Any CPU
		{27778ACB-38B3-4951-8AE0-E56308B390B8}.Debug|x64.Build.0 = Debug|Any CPU
		{27778ACB-38B3-4951-8AE0-E56308B390B8}.Debug|x86.ActiveCfg = Debug|Any CPU
		{27778ACB-38B3-4951-8AE0-E56308B390B8}.Debug|x86.Build.0 = Debug|Any CPU
		{27778ACB-38B3-4951-8AE0-E56308B390B8}.Release|Any CPU.ActiveCfg = Release|Any CPU
		{27778ACB-38B3-4951-8AE0-E56308B390B8}.Release|Any CPU.Build.0 = Release|Any CPU
		{27778ACB-38B3-4951-8AE0-E56308B390B8}.Release|x64.ActiveCfg = Release|Any CPU
		{27778ACB-38B3-4951-8AE0-E56308B390B8}.Release|x64.Build.0 = Release|Any CPU
		{27778ACB-38B3-4951-8AE0-E56308B390B8}.Release|x86.ActiveCfg = Release|Any CPU
		{27778ACB-38B3-4951-8AE0-E56308B390B8}.Release|x86.Build.0 = Release|Any CPU
		{F870A323-5074-4BF9-B6D7-08EE38E2CE62}.Debug|Any CPU.ActiveCfg = Debug|Any CPU
		{F870A323-5074-4BF9-B6D7-08EE38E2CE62}.Debug|Any CPU.Build.0 = Debug|Any CPU
		{F870A323-5074-4BF9-B6D7-08EE38E2CE62}.Debug|x64.ActiveCfg = Debug|Any CPU
		{F870A323-5074-4BF9-B6D7-08EE38E2CE62}.Debug|x64.Build.0 = Debug|Any CPU
		{F870A323-5074-4BF9-B6D7-08EE38E2CE62}.Debug|x86.ActiveCfg = Debug|Any CPU
		{F870A323-5074-4BF9-B6D7-08EE38E2CE62}.Debug|x86.Build.0 = Debug|Any CPU
		{F870A323-5074-4BF9-B6D7-08EE38E2CE62}.Release|Any CPU.ActiveCfg = Release|Any CPU
		{F870A323-5074-4BF9-B6D7-08EE38E2CE62}.Release|Any CPU.Build.0 = Release|Any CPU
		{F870A323-5074-4BF9-B6D7-08EE38E2CE62}.Release|x64.ActiveCfg = Release|Any CPU
		{F870A323-5074-4BF9-B6D7-08EE38E2CE62}.Release|x64.Build.0 = Release|Any CPU
		{F870A323-5074-4BF9-B6D7-08EE38E2CE62}.Release|x86.ActiveCfg = Release|Any CPU
		{F870A323-5074-4BF9-B6D7-08EE38E2CE62}.Release|x86.Build.0 = Release|Any CPU
		{2182B34B-75C6-4723-93C3-7A1DC69E384A}.Debug|Any CPU.ActiveCfg = Debug|Any CPU
		{2182B34B-75C6-4723-93C3-7A1DC69E384A}.Debug|Any CPU.Build.0 = Debug|Any CPU
		{2182B34B-75C6-4723-93C3-7A1DC69E384A}.Debug|x64.ActiveCfg = Debug|Any CPU
		{2182B34B-75C6-4723-93C3-7A1DC69E384A}.Debug|x64.Build.0 = Debug|Any CPU
		{2182B34B-75C6-4723-93C3-7A1DC69E384A}.Debug|x86.ActiveCfg = Debug|Any CPU
		{2182B34B-75C6-4723-93C3-7A1DC69E384A}.Debug|x86.Build.0 = Debug|Any CPU
		{2182B34B-75C6-4723-93C3-7A1DC69E384A}.Release|Any CPU.ActiveCfg = Release|Any CPU
		{2182B34B-75C6-4723-93C3-7A1DC69E384A}.Release|Any CPU.Build.0 = Release|Any CPU
		{2182B34B-75C6-4723-93C3-7A1DC69E384A}.Release|x64.ActiveCfg = Release|Any CPU
		{2182B34B-75C6-4723-93C3-7A1DC69E384A}.Release|x64.Build.0 = Release|Any CPU
		{2182B34B-75C6-4723-93C3-7A1DC69E384A}.Release|x86.ActiveCfg = Release|Any CPU
		{2182B34B-75C6-4723-93C3-7A1DC69E384A}.Release|x86.Build.0 = Release|Any CPU
	EndGlobalSection
EndGlobal
